// !$*UTF8*$!
{
	archiveVersion = 1;
	classes = {
	};
	objectVersion = 77;
	objects = {

/* Begin PBXBuildFile section */
		75D9C7EA2F32AF2700ECC1D2 /* SettingsView.swift in Sources */ = {isa = PBXBuildFile; fileRef = 75D9C7E92F32AF2700ECC1D2 /* SettingsView.swift */; };
		75D9C7EC2F32AF5A00ECC1D2 /* SETTINGS_FEATURE.md in Resources */ = {isa = PBXBuildFile; fileRef = 75D9C7EB2F32AF5A00ECC1D2 /* SETTINGS_FEATURE.md */; };
		75D9C7F42F32B3C300ECC1D2 /* PERSISTENCE_FEATURE.md in Resources */ = {isa = PBXBuildFile; fileRef = 75D9C7F32F32B3C300ECC1D2 /* PERSISTENCE_FEATURE.md */; };
		75D9C7F62F32B5A000ECC1D2 /* QUIT_ON_CLOSE_FEATURE.md in Resources */ = {isa = PBXBuildFile; fileRef = 75D9C7F52F32B5A000ECC1D2 /* QUIT_ON_CLOSE_FEATURE.md */; };
/* End PBXBuildFile section */

/* Begin PBXContainerItemProxy section */
		75D9C7D62F32ABF100ECC1D2 /* PBXContainerItemProxy */ = {
			isa = PBXContainerItemProxy;
			containerPortal = 75D9C7AA2F328CB300ECC1D2 /* Project object */;
			proxyType = 1;
			remoteGlobalIDString = 75D9C7B12F328CB300ECC1D2;
			remoteInfo = MouseCheck;
		};
/* End PBXContainerItemProxy section */

/* Begin PBXFileReference section */
		75D9C7B22F328CB300ECC1D2 /* MouseCheck.app */ = {isa = PBXFileReference; explicitFileType = wrapper.application; includeInIndex = 0; path = MouseCheck.app; sourceTree = BUILT_PRODUCTS_DIR; };
		75D9C7D02F32ABF100ECC1D2 /* MouseCheckUITests.xctest */ = {isa = PBXFileReference; explicitFileType = wrapper.cfbundle; includeInIndex = 0; path = MouseCheckUITests.xctest; sourceTree = BUILT_PRODUCTS_DIR; };
		75D9C7E92F32AF2700ECC1D2 /* SettingsView.swift */ = {isa = PBXFileReference; lastKnownFileType = sourcecode.swift; path = SettingsView.swift; sourceTree = "<group>"; };
		75D9C7EB2F32AF5A00ECC1D2 /* SETTINGS_FEATURE.md */ = {isa = PBXFileReference; lastKnownFileType = net.daringfireball.markdown; path = SETTINGS_FEATURE.md; sourceTree = "<group>"; };
		75D9C7F32F32B3C300ECC1D2 /* PERSISTENCE_FEATURE.md */ = {isa = PBXFileReference; lastKnownFileType = net.daringfireball.markdown; path = PERSISTENCE_FEATURE.md; sourceTree = "<group>"; };
		75D9C7F52F32B5A000ECC1D2 /* QUIT_ON_CLOSE_FEATURE.md */ = {isa = PBXFileReference; lastKnownFileType = net.daringfireball.markdown; path = QUIT_ON_CLOSE_FEATURE.md; sourceTree = "<group>"; };
/* End PBXFileReference section */

/* Begin PBXFileSystemSynchronizedRootGroup section */
		75D9C7B42F328CB300ECC1D2 /* MouseCheck */ = {
			isa = PBXFileSystemSynchronizedRootGroup;
			path = MouseCheck;
			sourceTree = "<group>";
		};
/* End PBXFileSystemSynchronizedRootGroup section */

/* Begin PBXFrameworksBuildPhase section */
		75D9C7AF2F328CB300ECC1D2 /* Frameworks */ = {
			isa = PBXFrameworksBuildPhase;
			buildActionMask = 2147483647;
			files = (
			);
			runOnlyForDeploymentPostprocessing = 0;
		};
		75D9C7CD2F32ABF100ECC1D2 /* Frameworks */ = {
			isa = PBXFrameworksBuildPhase;
			buildActionMask = 2147483647;
			files = (
			);
			runOnlyForDeploymentPostprocessing = 0;
		};
/* End PBXFrameworksBuildPhase section */

/* Begin PBXGroup section */
		75D9C7A92F328CB300ECC1D2 = {
			isa = PBXGroup;
			children = (
				75D9C7B42F328CB300ECC1D2 /* MouseCheck */,
				75D9C7B32F328CB300ECC1D2 /* Products */,
				75D9C7E92F32AF2700ECC1D2 /* SettingsView.swift */,
				75D9C7EB2F32AF5A00ECC1D2 /* SETTINGS_FEATURE.md */,
				75D9C7F32F32B3C300ECC1D2 /* PERSISTENCE_FEATURE.md */,
				75D9C7F52F32B5A000ECC1D2 /* QUIT_ON_CLOSE_FEATURE.md */,
			);
			sourceTree = "<group>";
		};
		75D9C7B32F328CB300ECC1D2 /* Products */ = {
			isa = PBXGroup;
			children = (
				75D9C7B22F328CB300ECC1D2 /* MouseCheck.app */,
				75D9C7D02F32ABF100ECC1D2 /* MouseCheckUITests.xctest */,
			);
			name = Products;
			sourceTree = "<group>";
		};
/* End PBXGroup section */

/* Begin PBXNativeTarget section */
		75D9C7B12F328CB300ECC1D2 /* MouseCheck */ = {
			isa = PBXNativeTarget;
			buildConfigurationList = 75D9C7BD2F328CB400ECC1D2 /* Build configuration list for PBXNativeTarget "MouseCheck" */;
			buildPhases = (
				75D9C7AE2F328CB300ECC1D2 /* Sources */,
				75D9C7AF2F328CB300ECC1D2 /* Frameworks */,
				75D9C7B02F328CB300ECC1D2 /* Resources */,
			);
			buildRules = (
			);
			dependencies = (
			);
			fileSystemSynchronizedGroups = (
				75D9C7B42F328CB300ECC1D2 /* MouseCheck */,
			);
			name = MouseCheck;
			packageProductDependencies = (
			);
			productName = MouseCheck;
			productReference = 75D9C7B22F328CB300ECC1D2 /* MouseCheck.app */;
			productType = "com.apple.product-type.application";
		};
		75D9C7CF2F32ABF100ECC1D2 /* MouseCheckUITests */ = {
			isa = PBXNativeTarget;
			buildConfigurationList = 75D9C7D82F32ABF100ECC1D2 /* Build configuration list for PBXNativeTarget "MouseCheckUITests" */;
			buildPhases = (
				75D9C7CC2F32ABF100ECC1D2 /* Sources */,
				75D9C7CD2F32ABF100ECC1D2 /* Frameworks */,
				75D9C7CE2F32ABF100ECC1D2 /* Resources */,
			);
			buildRules = (
			);
			dependencies = (
				75D9C7D72F32ABF100ECC1D2 /* PBXTargetDependency */,
			);
			name = MouseCheckUITests;
			packageProductDependencies = (
			);
			productName = MouseCheckUITests;
			productReference = 75D9C7D02F32ABF100ECC1D2 /* MouseCheckUITests.xctest */;
			productType = "com.apple.product-type.bundle.ui-testing";
		};
/* End PBXNativeTarget section */

/* Begin PBXProject section */
		75D9C7AA2F328CB300ECC1D2 /* Project object */ = {
			isa = PBXProject;
			attributes = {
				BuildIndependentTargetsInParallel = 1;
				LastSwiftUpdateCheck = 2620;
				LastUpgradeCheck = 2620;
				TargetAttributes = {
					75D9C7B12F328CB300ECC1D2 = {
						CreatedOnToolsVersion = 26.2;
					};
					75D9C7CF2F32ABF100ECC1D2 = {
						CreatedOnToolsVersion = 26.2;
						TestTargetID = 75D9C7B12F328CB300ECC1D2;
					};
				};
			};
			buildConfigurationList = 75D9C7AD2F328CB300ECC1D2 /* Build configuration list for PBXProject "MouseCheck" */;
			developmentRegion = en;
			hasScannedForEncodings = 0;
			knownRegions = (
				en,
				Base,
			);
			mainGroup = 75D9C7A92F328CB300ECC1D2;
			minimizedProjectReferenceProxies = 1;
			preferredProjectObjectVersion = 77;
			productRefGroup = 75D9C7B32F328CB300ECC1D2 /* Products */;
			projectDirPath = "";
			projectRoot = "";
			targets = (
				75D9C7B12F328CB300ECC1D2 /* MouseCheck */,
				75D9C7CF2F32ABF100ECC1D2 /* MouseCheckUITests */,
			);
		};
/* End PBXProject section */

/* Begin PBXResourcesBuildPhase section */
		75D9C7B02F328CB300ECC1D2 /* Resources */ = {
			isa = PBXResourcesBuildPhase;
			buildActionMask = 2147483647;
			files = (
				75D9C7F42F32B3C300ECC1D2 /* PERSISTENCE_FEATURE.md in Resources */,
				75D9C7EC2F32AF5A00ECC1D2 /* SETTINGS_FEATURE.md in Resources */,
				75D9C7F62F32B5A000ECC1D2 /* QUIT_ON_CLOSE_FEATURE.md in Resources */,
			);
			runOnlyForDeploymentPostprocessing = 0;
		};
		75D9C7CE2F32ABF100ECC1D2 /* Resources */ = {
			isa = PBXResourcesBuildPhase;
			buildActionMask = 2147483647;
			files = (
			);
			runOnlyForDeploymentPostprocessing = 0;
		};
/* End PBXResourcesBuildPhase section */

/* Begin PBXSourcesBuildPhase section */
		75D9C7AE2F328CB300ECC1D2 /* Sources */ = {
			isa = PBXSourcesBuildPhase;
			buildActionMask = 2147483647;
			files = (
				75D9C7EA2F32AF2700ECC1D2 /* SettingsView.swift in Sources */,
			);
			runOnlyForDeploymentPostprocessing = 0;
		};
		75D9C7CC2F32ABF100ECC1D2 /* Sources */ = {
			isa = PBXSourcesBuildPhase;
			buildActionMask = 2147483647;
			files = (
			);
			runOnlyForDeploymentPostprocessing = 0;
		};
/* End PBXSourcesBuildPhase section */

/* Begin PBXTargetDependency section */
		75D9C7D72F32ABF100ECC1D2 /* PBXTargetDependency */ = {
			isa = PBXTargetDependency;
			target = 75D9C7B12F328CB300ECC1D2 /* MouseCheck */;
			targetProxy = 75D9C7D62F32ABF100ECC1D2 /* PBXContainerItemProxy */;
		};
/* End PBXTargetDependency section */

/* Begin XCBuildConfiguration section */
		75D9C7BB2F328CB400ECC1D2 /* Debug */ = {
			isa = XCBuildConfiguration;
			buildSettings = {
				ALWAYS_SEARCH_USER_PATHS = NO;
				ASSETCATALOG_COMPILER_GENERATE_SWIFT_ASSET_SYMBOL_EXTENSIONS = YES;
				CLANG_ANALYZER_NONNULL = YES;
				CLANG_ANALYZER_NUMBER_OBJECT_CONVERSION = YES_AGGRESSIVE;
				CLANG_CXX_LANGUAGE_STANDARD = "gnu++20";
				CLANG_ENABLE_MODULES = YES;
				CLANG_ENABLE_OBJC_ARC = YES;
				CLANG_ENABLE_OBJC_WEAK = YES;
				CLANG_WARN_BLOCK_CAPTURE_AUTORELEASING = YES;
				CLANG_WARN_BOOL_CONVERSION = YES;
				CLANG_WARN_COMMA = YES;
				CLANG_WARN_CONSTANT_CONVERSION = YES;
				CLANG_WARN_DEPRECATED_OBJC_IMPLEMENTATIONS = YES;
				CLANG_WARN_DIRECT_OBJC_ISA_USAGE = YES_ERROR;
				CLANG_WARN_DOCUMENTATION_COMMENTS = YES;
				CLANG_WARN_EMPTY_BODY = YES;
				CLANG_WARN_ENUM_CONVERSION = YES;
				CLANG_WARN_INFINITE_RECURSION = YES;
				CLANG_WARN_INT_CONVERSION = YES;
				CLANG_WARN_NON_LITERAL_NULL_CONVERSION = YES;
				CLANG_WARN_OBJC_IMPLICIT_RETAIN_SELF = YES;
				CLANG_WARN_OBJC_LITERAL_CONVERSION = YES;
				CLANG_WARN_OBJC_ROOT_CLASS = YES_ERROR;
				CLANG_WARN_QUOTED_INCLUDE_IN_FRAMEWORK_HEADER = YES;
				CLANG_WARN_RANGE_LOOP_ANALYSIS = YES;
				CLANG_WARN_STRICT_PROTOTYPES = YES;
				CLANG_WARN_SUSPICIOUS_MOVE = YES;
				CLANG_WARN_UNGUARDED_AVAILABILITY = YES_AGGRESSIVE;
				CLANG_WARN_UNREACHABLE_CODE = YES;
				CLANG_WARN__DUPLICATE_METHOD_MATCH = YES;
				COPY_PHASE_STRIP = NO;
				DEBUG_INFORMATION_FORMAT = dwarf;
				DEVELOPMENT_TEAM = 6742UG6L9C;
				ENABLE_STRICT_OBJC_MSGSEND = YES;
				ENABLE_TESTABILITY = YES;
				ENABLE_USER_SCRIPT_SANDBOXING = YES;
				GCC_C_LANGUAGE_STANDARD = gnu17;
				GCC_DYNAMIC_NO_PIC = NO;
				GCC_NO_COMMON_BLOCKS = YES;
				GCC_OPTIMIZATION_LEVEL = 0;
				GCC_PREPROCESSOR_DEFINITIONS = (
					"DEBUG=1",
					"$(inherited)",
				);
				GCC_WARN_64_TO_32_BIT_CONVERSION = YES;
				GCC_WARN_ABOUT_RETURN_TYPE = YES_ERROR;
				GCC_WARN_UNDECLARED_SELECTOR = YES;
				GCC_WARN_UNINITIALIZED_AUTOS = YES_AGGRESSIVE;
				GCC_WARN_UNUSED_FUNCTION = YES;
				GCC_WARN_UNUSED_VARIABLE = YES;
				LOCALIZATION_PREFERS_STRING_CATALOGS = YES;
				MACOSX_DEPLOYMENT_TARGET = 26.2;
				MTL_ENABLE_DEBUG_INFO = INCLUDE_SOURCE;
				MTL_FAST_MATH = YES;
				ONLY_ACTIVE_ARCH = YES;
				SDKROOT = macosx;
				SWIFT_ACTIVE_COMPILATION_CONDITIONS = "DEBUG $(inherited)";
				SWIFT_OPTIMIZATION_LEVEL = "-Onone";
			};
			name = Debug;
		};
		75D9C7BC2F328CB400ECC1D2 /* Release */ = {
			isa = XCBuildConfiguration;
			buildSettings = {
				ALWAYS_SEARCH_USER_PATHS = NO;
				ASSETCATALOG_COMPILER_GENERATE_SWIFT_ASSET_SYMBOL_EXTENSIONS = YES;
				CLANG_ANALYZER_NONNULL = YES;
				CLANG_ANALYZER_NUMBER_OBJECT_CONVERSION = YES_AGGRESSIVE;
				CLANG_CXX_LANGUAGE_STANDARD = "gnu++20";
				CLANG_ENABLE_MODULES = YES;
				CLANG_ENABLE_OBJC_ARC = YES;
				CLANG_ENABLE_OBJC_WEAK = YES;
				CLANG_WARN_BLOCK_CAPTURE_AUTORELEASING = YES;
				CLANG_WARN_BOOL_CONVERSION = YES;
				CLANG_WARN_COMMA = YES;
				CLANG_WARN_CONSTANT_CONVERSION = YES;
				CLANG_WARN_DEPRECATED_OBJC_IMPLEMENTATIONS = YES;
				CLANG_WARN_DIRECT_OBJC_ISA_USAGE = YES_ERROR;
				CLANG_WARN_DOCUMENTATION_COMMENTS = YES;
				CLANG_WARN_EMPTY_BODY = YES;
				CLANG_WARN_ENUM_CONVERSION = YES;
				CLANG_WARN_INFINITE_RECURSION = YES;
				CLANG_WARN_INT_CONVERSION = YES;
				CLANG_WARN_NON_LITERAL_NULL_CONVERSION = YES;
				CLANG_WARN_OBJC_IMPLICIT_RETAIN_SELF = YES;
				CLANG_WARN_OBJC_LITERAL_CONVERSION = YES;
				CLANG_WARN_OBJC_ROOT_CLASS = YES_ERROR;
				CLANG_WARN_QUOTED_INCLUDE_IN_FRAMEWORK_HEADER = YES;
				CLANG_WARN_RANGE_LOOP_ANALYSIS = YES;
				CLANG_WARN_STRICT_PROTOTYPES = YES;
				CLANG_WARN_SUSPICIOUS_MOVE = YES;
				CLANG_WARN_UNGUARDED_AVAILABILITY = YES_AGGRESSIVE;
				CLANG_WARN_UNREACHABLE_CODE = YES;
				CLANG_WARN__DUPLICATE_METHOD_MATCH = YES;
				COPY_PHASE_STRIP = NO;
				DEBUG_INFORMATION_FORMAT = "dwarf-with-dsym";
				DEVELOPMENT_TEAM = 6742UG6L9C;
				ENABLE_NS_ASSERTIONS = NO;
				ENABLE_STRICT_OBJC_MSGSEND = YES;
				ENABLE_USER_SCRIPT_SANDBOXING = YES;
				GCC_C_LANGUAGE_STANDARD = gnu17;
				GCC_NO_COMMON_BLOCKS = YES;
				GCC_WARN_64_TO_32_BIT_CONVERSION = YES;
				GCC_WARN_ABOUT_RETURN_TYPE = YES_ERROR;
				GCC_WARN_UNDECLARED_SELECTOR = YES;
				GCC_WARN_UNINITIALIZED_AUTOS = YES_AGGRESSIVE;
				GCC_WARN_UNUSED_FUNCTION = YES;
				GCC_WARN_UNUSED_VARIABLE = YES;
				LOCALIZATION_PREFERS_STRING_CATALOGS = YES;
				MACOSX_DEPLOYMENT_TARGET = 26.2;
				MTL_ENABLE_DEBUG_INFO = NO;
				MTL_FAST_MATH = YES;
				SDKROOT = macosx;
				SWIFT_COMPILATION_MODE = wholemodule;
			};
			name = Release;
		};
		75D9C7BE2F328CB400ECC1D2 /* Debug */ = {
			isa = XCBuildConfiguration;
			buildSettings = {
				ASSETCATALOG_COMPILER_APPICON_NAME = AppIcon;
				ASSETCATALOG_COMPILER_GLOBAL_ACCENT_COLOR_NAME = AccentColor;
				CODE_SIGN_STYLE = Automatic;
				COMBINE_HIDPI_IMAGES = YES;
				CURRENT_PROJECT_VERSION = 1;
				DEVELOPMENT_TEAM = 6742UG6L9C;
				ENABLE_APP_SANDBOX = YES;
				ENABLE_HARDENED_RUNTIME = YES;
				ENABLE_PREVIEWS = YES;
				ENABLE_USER_SELECTED_FILES = readonly;
				GENERATE_INFOPLIST_FILE = YES;
				INFOPLIST_KEY_NSHumanReadableCopyright = "";
				LD_RUNPATH_SEARCH_PATHS = (
					"$(inherited)",
					"@executable_path/../Frameworks",
				);
				MARKETING_VERSION = 1.0;
				PRODUCT_BUNDLE_IDENTIFIER = dvn.MouseCheck;
				PRODUCT_NAME = "$(TARGET_NAME)";
				REGISTER_APP_GROUPS = YES;
				STRING_CATALOG_GENERATE_SYMBOLS = YES;
				SWIFT_APPROACHABLE_CONCURRENCY = YES;
				SWIFT_DEFAULT_ACTOR_ISOLATION = MainActor;
				SWIFT_EMIT_LOC_STRINGS = YES;
				SWIFT_UPCOMING_FEATURE_MEMBER_IMPORT_VISIBILITY = YES;
				SWIFT_VERSION = 5.0;
			};
			name = Debug;
		};
		75D9C7BF2F328CB400ECC1D2 /* Release */ = {
			isa = XCBuildConfiguration;
			buildSettings = {
				ASSETCATALOG_COMPILER_APPICON_NAME = AppIcon;
				ASSETCATALOG_COMPILER_GLOBAL_ACCENT_COLOR_NAME = AccentColor;
				CODE_SIGN_STYLE = Automatic;
				COMBINE_HIDPI_IMAGES = YES;
				CURRENT_PROJECT_VERSION = 1;
				DEVELOPMENT_TEAM = 6742UG6L9C;
				ENABLE_APP_SANDBOX = YES;
				ENABLE_HARDENED_RUNTIME = YES;
				ENABLE_PREVIEWS = YES;
				ENABLE_USER_SELECTED_FILES = readonly;
				GENERATE_INFOPLIST_FILE = YES;
				INFOPLIST_KEY_NSHumanReadableCopyright = "";
				LD_RUNPATH_SEARCH_PATHS = (
					"$(inherited)",
					"@executable_path/../Frameworks",
				);
				MARKETING_VERSION = 1.0;
				PRODUCT_BUNDLE_IDENTIFIER = dvn.MouseCheck;
				PRODUCT_NAME = "$(TARGET_NAME)";
				REGISTER_APP_GROUPS = YES;
				STRING_CATALOG_GENERATE_SYMBOLS = YES;
				SWIFT_APPROACHABLE_CONCURRENCY = YES;
				SWIFT_DEFAULT_ACTOR_ISOLATION = MainActor;
				SWIFT_EMIT_LOC_STRINGS = YES;
				SWIFT_UPCOMING_FEATURE_MEMBER_IMPORT_VISIBILITY = YES;
				SWIFT_VERSION = 5.0;
			};
			name = Release;
		};
		75D9C7D92F32ABF100ECC1D2 /* Debug */ = {
			isa = XCBuildConfiguration;
			buildSettings = {
				CODE_SIGN_STYLE = Automatic;
				CURRENT_PROJECT_VERSION = 1;
				DEVELOPMENT_TEAM = 6742UG6L9C;
				GENERATE_INFOPLIST_FILE = YES;
				MARKETING_VERSION = 1.0;
				PRODUCT_BUNDLE_IDENTIFIER = dvn.MouseCheckUITests;
				PRODUCT_NAME = "$(TARGET_NAME)";
				STRING_CATALOG_GENERATE_SYMBOLS = NO;
				SWIFT_APPROACHABLE_CONCURRENCY = YES;
				SWIFT_EMIT_LOC_STRINGS = NO;
				SWIFT_UPCOMING_FEATURE_MEMBER_IMPORT_VISIBILITY = YES;
				SWIFT_VERSION = 5.0;
				TEST_TARGET_NAME = MouseCheck;
			};
			name = Debug;
		};
		75D9C7DA2F32ABF100ECC1D2 /* Release */ = {
			isa = XCBuildConfiguration;
			buildSettings = {
				CODE_SIGN_STYLE = Automatic;
				CURRENT_PROJECT_VERSION = 1;
				DEVELOPMENT_TEAM = 6742UG6L9C;
				GENERATE_INFOPLIST_FILE = YES;
				MARKETING_VERSION = 1.0;
				PRODUCT_BUNDLE_IDENTIFIER = dvn.MouseCheckUITests;
				PRODUCT_NAME = "$(TARGET_NAME)";
				STRING_CATALOG_GENERATE_SYMBOLS = NO;
				SWIFT_APPROACHABLE_CONCURRENCY = YES;
				SWIFT_EMIT_LOC_STRINGS = NO;
				SWIFT_UPCOMING_FEATURE_MEMBER_IMPORT_VISIBILITY = YES;
				SWIFT_VERSION = 5.0;
				TEST_TARGET_NAME = MouseCheck;
			};
			name = Release;
		};
/* End XCBuildConfiguration section */

/* Begin XCConfigurationList section */
		75D9C7AD2F328CB300ECC1D2 /* Build configuration list for PBXProject "MouseCheck" */ = {
			isa = XCConfigurationList;
			buildConfigurations = (
				75D9C7BB2F328CB400ECC1D2 /* Debug */,
				75D9C7BC2F328CB400ECC1D2 /* Release */,
			);
			defaultConfigurationIsVisible = 0;
			defaultConfigurationName = Release;
		};
		75D9C7BD2F328CB400ECC1D2 /* Build configuration list for PBXNativeTarget "MouseCheck" */ = {
			isa = XCConfigurationList;
			buildConfigurations = (
				75D9C7BE2F328CB400ECC1D2 /* Debug */,
				75D9C7BF2F328CB400ECC1D2 /* Release */,
			);
			defaultConfigurationIsVisible = 0;
			defaultConfigurationName = Release;
		};
		75D9C7D82F32ABF100ECC1D2 /* Build configuration list for PBXNativeTarget "MouseCheckUITests" */ = {
			isa = XCConfigurationList;
			buildConfigurations = (
				75D9C7D92F32ABF100ECC1D2 /* Debug */,
				75D9C7DA2F32ABF100ECC1D2 /* Release */,
			);
			defaultConfigurationIsVisible = 0;
			defaultConfigurationName = Release;
		};
/* End XCConfigurationList section */
	};
	rootObject = 75D9C7AA2F328CB300ECC1D2 /* Project object */;
}
